// !$*UTF8*$!
{
	archiveVersion = 1;
	classes = {
	};
	objectVersion = 46;
	objects = {

/* Begin PBXBuildFile section */
		DC56FE7C1B044D21007F98BB /* AppDelegate.swift in Sources */ = {isa = PBXBuildFile; fileRef = DC56FE7B1B044D21007F98BB /* AppDelegate.swift */; };
		DC56FE7E1B044D21007F98BB /* ViewController.swift in Sources */ = {isa = PBXBuildFile; fileRef = DC56FE7D1B044D21007F98BB /* ViewController.swift */; };
		DC56FE811B044D21007F98BB /* Main.storyboard in Resources */ = {isa = PBXBuildFile; fileRef = DC56FE7F1B044D21007F98BB /* Main.storyboard */; };
		DC56FE831B044D21007F98BB /* Images.xcassets in Resources */ = {isa = PBXBuildFile; fileRef = DC56FE821B044D21007F98BB /* Images.xcassets */; };
		DC56FE861B044D21007F98BB /* LaunchScreen.xib in Resources */ = {isa = PBXBuildFile; fileRef = DC56FE841B044D21007F98BB /* LaunchScreen.xib */; };
		DC56FE921B044D22007F98BB /* PostcardTests.swift in Sources */ = {isa = PBXBuildFile; fileRef = DC56FE911B044D22007F98BB /* PostcardTests.swift */; };
		DC56FE9C1B0454CF007F98BB /* SagradaFamilia.jpeg in Resources */ = {isa = PBXBuildFile; fileRef = DC56FE9B1B0454CF007F98BB /* SagradaFamilia.jpeg */; };
		DC56FE9E1B045DA1007F98BB /* AlbertEinsteinStamp.jpg in Resources */ = {isa = PBXBuildFile; fileRef = DC56FE9D1B045DA1007F98BB /* AlbertEinsteinStamp.jpg */; };
/* End PBXBuildFile section */

/* Begin PBXContainerItemProxy section */
		DC56FE8C1B044D22007F98BB /* PBXContainerItemProxy */ = {
			isa = PBXContainerItemProxy;
			containerPortal = DC56FE6E1B044D21007F98BB /* Project object */;
			proxyType = 1;
			remoteGlobalIDString = DC56FE751B044D21007F98BB;
			remoteInfo = Postcard;
		};
/* End PBXContainerItemProxy section */

/* Begin PBXFileReference section */
		DC56FE761B044D21007F98BB /* Postcard.app */ = {isa = PBXFileReference; explicitFileType = wrapper.application; includeInIndex = 0; path = Postcard.app; sourceTree = BUILT_PRODUCTS_DIR; };
		DC56FE7A1B044D21007F98BB /* Info.plist */ = {isa = PBXFileReference; lastKnownFileType = text.plist.xml; path = Info.plist; sourceTree = "<group>"; };
		DC56FE7B1B044D21007F98BB /* AppDelegate.swift */ = {isa = PBXFileReference; lastKnownFileType = sourcecode.swift; path = AppDelegate.swift; sourceTree = "<group>"; };
		DC56FE7D1B044D21007F98BB /* ViewController.swift */ = {isa = PBXFileReference; lastKnownFileType = sourcecode.swift; path = ViewController.swift; sourceTree = "<group>"; };
		DC56FE801B044D21007F98BB /* Base */ = {isa = PBXFileReference; lastKnownFileType = file.storyboard; name = Base; path = Base.lproj/Main.storyboard; sourceTree = "<group>"; };
		DC56FE821B044D21007F98BB /* Images.xcassets */ = {isa = PBXFileReference; lastKnownFileType = folder.assetcatalog; path = Images.xcassets; sourceTree = "<group>"; };
		DC56FE851B044D21007F98BB /* Base */ = {isa = PBXFileReference; lastKnownFileType = file.xib; name = Base; path = Base.lproj/LaunchScreen.xib; sourceTree = "<group>"; };
		DC56FE8B1B044D22007F98BB /* PostcardTests.xctest */ = {isa = PBXFileReference; explicitFileType = wrapper.cfbundle; includeInIndex = 0; path = PostcardTests.xctest; sourceTree = BUILT_PRODUCTS_DIR; };
		DC56FE901B044D22007F98BB /* Info.plist */ = {isa = PBXFileReference; lastKnownFileType = text.plist.xml; path = Info.plist; sourceTree = "<group>"; };
		DC56FE911B044D22007F98BB /* PostcardTests.swift */ = {isa = PBXFileReference; lastKnownFileType = sourcecode.swift; path = PostcardTests.swift; sourceTree = "<group>"; };
		DC56FE9B1B0454CF007F98BB /* SagradaFamilia.jpeg */ = {isa = PBXFileReference; lastKnownFileType = image.jpeg; path = SagradaFamilia.jpeg; sourceTree = "<group>"; };
		DC56FE9D1B045DA1007F98BB /* AlbertEinsteinStamp.jpg */ = {isa = PBXFileReference; lastKnownFileType = image.jpeg; path = AlbertEinsteinStamp.jpg; sourceTree = "<group>"; };
/* End PBXFileReference section */

/* Begin PBXFrameworksBuildPhase section */
		DC56FE731B044D21007F98BB /* Frameworks */ = {
			isa = PBXFrameworksBuildPhase;
			buildActionMask = 2147483647;
			files = (
			);
			runOnlyForDeploymentPostprocessing = 0;
		};
		DC56FE881B044D22007F98BB /* Frameworks */ = {
			isa = PBXFrameworksBuildPhase;
			buildActionMask = 2147483647;
			files = (
			);
			runOnlyForDeploymentPostprocessing = 0;
		};
/* End PBXFrameworksBuildPhase section */

/* Begin PBXGroup section */
		DC56FE6D1B044D21007F98BB = {
			isa = PBXGroup;
			children = (
				DC56FE781B044D21007F98BB /* Postcard */,
				DC56FE8E1B044D22007F98BB /* PostcardTests */,
				DC56FE771B044D21007F98BB /* Products */,
			);
			sourceTree = "<group>";
		};
		DC56FE771B044D21007F98BB /* Products */ = {
			isa = PBXGroup;
			children = (
				DC56FE761B044D21007F98BB /* Postcard.app */,
				DC56FE8B1B044D22007F98BB /* PostcardTests.xctest */,
			);
			name = Products;
			sourceTree = "<group>";
		};
		DC56FE781B044D21007F98BB /* Postcard */ = {
			isa = PBXGroup;
			children = (
				DC56FE7B1B044D21007F98BB /* AppDelegate.swift */,
				DC56FE7D1B044D21007F98BB /* ViewController.swift */,
				DC56FE7F1B044D21007F98BB /* Main.storyboard */,
				DC56FE821B044D21007F98BB /* Images.xcassets */,
				DC56FE841B044D21007F98BB /* LaunchScreen.xib */,
				DC56FE791B044D21007F98BB /* Supporting Files */,
			);
			path = Postcard;
			sourceTree = "<group>";
		};
		DC56FE791B044D21007F98BB /* Supporting Files */ = {
			isa = PBXGroup;
			children = (
				DC56FE9D1B045DA1007F98BB /* AlbertEinsteinStamp.jpg */,
				DC56FE9B1B0454CF007F98BB /* SagradaFamilia.jpeg */,
				DC56FE7A1B044D21007F98BB /* Info.plist */,
			);
			name = "Supporting Files";
			sourceTree = "<group>";
		};
		DC56FE8E1B044D22007F98BB /* PostcardTests */ = {
			isa = PBXGroup;
			children = (
				DC56FE911B044D22007F98BB /* PostcardTests.swift */,
				DC56FE8F1B044D22007F98BB /* Supporting Files */,
			);
			path = PostcardTests;
			sourceTree = "<group>";
		};
		DC56FE8F1B044D22007F98BB /* Supporting Files */ = {
			isa = PBXGroup;
			children = (
				DC56FE901B044D22007F98BB /* Info.plist */,
			);
			name = "Supporting Files";
			sourceTree = "<group>";
		};
/* End PBXGroup section */

/* Begin PBXNativeTarget section */
		DC56FE751B044D21007F98BB /* Postcard */ = {
			isa = PBXNativeTarget;
			buildConfigurationList = DC56FE951B044D22007F98BB /* Build configuration list for PBXNativeTarget "Postcard" */;
			buildPhases = (
				DC56FE721B044D21007F98BB /* Sources */,
				DC56FE731B044D21007F98BB /* Frameworks */,
				DC56FE741B044D21007F98BB /* Resources */,
			);
			buildRules = (
			);
			dependencies = (
			);
			name = Postcard;
			productName = Postcard;
			productReference = DC56FE761B044D21007F98BB /* Postcard.app */;
			productType = "com.apple.product-type.application";
		};
		DC56FE8A1B044D22007F98BB /* PostcardTests */ = {
			isa = PBXNativeTarget;
			buildConfigurationList = DC56FE981B044D22007F98BB /* Build configuration list for PBXNativeTarget "PostcardTests" */;
			buildPhases = (
				DC56FE871B044D22007F98BB /* Sources */,
				DC56FE881B044D22007F98BB /* Frameworks */,
				DC56FE891B044D22007F98BB /* Resources */,
			);
			buildRules = (
			);
			dependencies = (
				DC56FE8D1B044D22007F98BB /* PBXTargetDependency */,
			);
			name = PostcardTests;
			productName = PostcardTests;
			productReference = DC56FE8B1B044D22007F98BB /* PostcardTests.xctest */;
			productType = "com.apple.product-type.bundle.unit-test";
		};
/* End PBXNativeTarget section */

/* Begin PBXProject section */
		DC56FE6E1B044D21007F98BB /* Project object */ = {
			isa = PBXProject;
			attributes = {
				LastUpgradeCheck = 0630;
				ORGANIZATIONNAME = SpaceCoyote;
				TargetAttributes = {
					DC56FE751B044D21007F98BB = {
						CreatedOnToolsVersion = 6.3.1;
					};
					DC56FE8A1B044D22007F98BB = {
						CreatedOnToolsVersion = 6.3.1;
						TestTargetID = DC56FE751B044D21007F98BB;
					};
				};
			};
			buildConfigurationList = DC56FE711B044D21007F98BB /* Build configuration list for PBXProject "Postcard" */;
			compatibilityVersion = "Xcode 3.2";
			developmentRegion = English;
			hasScannedForEncodings = 0;
			knownRegions = (
				en,
				Base,
			);
			mainGroup = DC56FE6D1B044D21007F98BB;
			productRefGroup = DC56FE771B044D21007F98BB /* Products */;
			projectDirPath = "";
			projectRoot = "";
			targets = (
				DC56FE751B044D21007F98BB /* Postcard */,
				DC56FE8A1B044D22007F98BB /* PostcardTests */,
			);
		};
/* End PBXProject section */

/* Begin PBXResourcesBuildPhase section */
		DC56FE741B044D21007F98BB /* Resources */ = {
			isa = PBXResourcesBuildPhase;
			buildActionMask = 2147483647;
			files = (
				DC56FE811B044D21007F98BB /* Main.storyboard in Resources */,
				DC56FE9C1B0454CF007F98BB /* SagradaFamilia.jpeg in Resources */,
				DC56FE9E1B045DA1007F98BB /* AlbertEinsteinStamp.jpg in Resources */,
				DC56FE861B044D21007F98BB /* LaunchScreen.xib in Resources */,
				DC56FE831B044D21007F98BB /* Images.xcassets in Resources */,
			);
			runOnlyForDeploymentPostprocessing = 0;
		};
		DC56FE891B044D22007F98BB /* Resources */ = {
			isa = PBXResourcesBuildPhase;
			buildActionMask = 2147483647;
			files = (
			);
			runOnlyForDeploymentPostprocessing = 0;
		};
/* End PBXResourcesBuildPhase section */

/* Begin PBXSourcesBuildPhase section */
		DC56FE721B044D21007F98BB /* Sources */ = {
			isa = PBXSourcesBuildPhase;
			buildActionMask = 2147483647;
			files = (
				DC56FE7E1B044D21007F98BB /* ViewController.swift in Sources */,
				DC56FE7C1B044D21007F98BB /* AppDelegate.swift in Sources */,
			);
			runOnlyForDeploymentPostprocessing = 0;
		};
		DC56FE871B044D22007F98BB /* Sources */ = {
			isa = PBXSourcesBuildPhase;
			buildActionMask = 2147483647;
			files = (
				DC56FE921B044D22007F98BB /* PostcardTests.swift in Sources */,
			);
			runOnlyForDeploymentPostprocessing = 0;
		};
/* End PBXSourcesBuildPhase section */

/* Begin PBXTargetDependency section */
		DC56FE8D1B044D22007F98BB /* PBXTargetDependency */ = {
			isa = PBXTargetDependency;
			target = DC56FE751B044D21007F98BB /* Postcard */;
			targetProxy = DC56FE8C1B044D22007F98BB /* PBXContainerItemProxy */;
		};
/* End PBXTargetDependency section */

/* Begin PBXVariantGroup section */
		DC56FE7F1B044D21007F98BB /* Main.storyboard */ = {
			isa = PBXVariantGroup;
			children = (
				DC56FE801B044D21007F98BB /* Base */,
			);
			name = Main.storyboard;
			sourceTree = "<group>";
		};
		DC56FE841B044D21007F98BB /* LaunchScreen.xib */ = {
			isa = PBXVariantGroup;
			children = (
				DC56FE851B044D21007F98BB /* Base */,
			);
			name = LaunchScreen.xib;
			sourceTree = "<group>";
		};
/* End PBXVariantGroup section */

/* Begin XCBuildConfiguration section */
		DC56FE931B044D22007F98BB /* Debug */ = {
			isa = XCBuildConfiguration;
			buildSettings = {
				ALWAYS_SEARCH_USER_PATHS = NO;
				CLANG_CXX_LANGUAGE_STANDARD = "gnu++0x";
				CLANG_CXX_LIBRARY = "libc++";
				CLANG_ENABLE_MODULES = YES;
				CLANG_ENABLE_OBJC_ARC = YES;
				CLANG_WARN_BOOL_CONVERSION = YES;
				CLANG_WARN_CONSTANT_CONVERSION = YES;
				CLANG_WARN_DIRECT_OBJC_ISA_USAGE = YES_ERROR;
				CLANG_WARN_EMPTY_BODY = YES;
				CLANG_WARN_ENUM_CONVERSION = YES;
				CLANG_WARN_INT_CONVERSION = YES;
				CLANG_WARN_OBJC_ROOT_CLASS = YES_ERROR;
				CLANG_WARN_UNREACHABLE_CODE = YES;
				CLANG_WARN__DUPLICATE_METHOD_MATCH = YES;
				"CODE_SIGN_IDENTITY[sdk=iphoneos*]" = "iPhone Developer";
				COPY_PHASE_STRIP = NO;
				DEBUG_INFORMATION_FORMAT = "dwarf-with-dsym";
				ENABLE_STRICT_OBJC_MSGSEND = YES;
				GCC_C_LANGUAGE_STANDARD = gnu99;
				GCC_DYNAMIC_NO_PIC = NO;
				GCC_NO_COMMON_BLOCKS = YES;
				GCC_OPTIMIZATION_LEVEL = 0;
				GCC_PREPROCESSOR_DEFINITIONS = (
					"DEBUG=1",
					"$(inherited)",
				);
				GCC_SYMBOLS_PRIVATE_EXTERN = NO;
				GCC_WARN_64_TO_32_BIT_CONVERSION = YES;
				GCC_WARN_ABOUT_RETURN_TYPE = YES_ERROR;
				GCC_WARN_UNDECLARED_SELECTOR = YES;
				GCC_WARN_UNINITIALIZED_AUTOS = YES_AGGRESSIVE;
				GCC_WARN_UNUSED_FUNCTION = YES;
				GCC_WARN_UNUSED_VARIABLE = YES;
				IPHONEOS_DEPLOYMENT_TARGET = 8.3;
				MTL_ENABLE_DEBUG_INFO = YES;
				ONLY_ACTIVE_ARCH = YES;
				SDKROOT = iphoneos;
				SWIFT_OPTIMIZATION_LEVEL = "-Onone";
				TARGETED_DEVICE_FAMILY = "1,2";
			};
			name = Debug;
		};
		DC56FE941B044D22007F98BB /* Release */ = {
			isa = XCBuildConfiguration;
			buildSettings = {
				ALWAYS_SEARCH_USER_PATHS = NO;
				CLANG_CXX_LANGUAGE_STANDARD = "gnu++0x";
				CLANG_CXX_LIBRARY = "libc++";
				CLANG_ENABLE_MODULES = YES;
				CLANG_ENABLE_OBJC_ARC = YES;
				CLANG_WARN_BOOL_CONVERSION = YES;
				CLANG_WARN_CONSTANT_CONVERSION = YES;
				CLANG_WARN_DIRECT_OBJC_ISA_USAGE = YES_ERROR;
				CLANG_WARN_EMPTY_BODY = YES;
				CLANG_WARN_ENUM_CONVERSION = YES;
				CLANG_WARN_INT_CONVERSION = YES;
				CLANG_WARN_OBJC_ROOT_CLASS = YES_ERROR;
				CLANG_WARN_UNREACHABLE_CODE = YES;
				CLANG_WARN__DUPLICATE_METHOD_MATCH = YES;
				"CODE_SIGN_IDENTITY[sdk=iphoneos*]" = "iPhone Developer";
				COPY_PHASE_STRIP = NO;
				DEBUG_INFORMATION_FORMAT = "dwarf-with-dsym";
				ENABLE_NS_ASSERTIONS = NO;
				ENABLE_STRICT_OBJC_MSGSEND = YES;
				GCC_C_LANGUAGE_STANDARD = gnu99;
				GCC_NO_COMMON_BLOCKS = YES;
				GCC_WARN_64_TO_32_BIT_CONVERSION = YES;
				GCC_WARN_ABOUT_RETURN_TYPE = YES_ERROR;
				GCC_WARN_UNDECLARED_SELECTOR = YES;
				GCC_WARN_UNINITIALIZED_AUTOS = YES_AGGRESSIVE;
				GCC_WARN_UNUSED_FUNCTION = YES;
				GCC_WARN_UNUSED_VARIABLE = YES;
				IPHONEOS_DEPLOYMENT_TARGET = 8.3;
				MTL_ENABLE_DEBUG_INFO = NO;
				SDKROOT = iphoneos;
				TARGETED_DEVICE_FAMILY = "1,2";
				VALIDATE_PRODUCT = YES;
			};
			name = Release;
		};
		DC56FE961B044D22007F98BB /* Debug */ = {
			isa = XCBuildConfiguration;
			buildSettings = {
				ASSETCATALOG_COMPILER_APPICON_NAME = AppIcon;
				INFOPLIST_FILE = Postcard/Info.plist;
				LD_RUNPATH_SEARCH_PATHS = "$(inherited) @executable_path/Frameworks";
				PRODUCT_NAME = "$(TARGET_NAME)";
			};
			name = Debug;
		};
		DC56FE971B044D22007F98BB /* Release */ = {
			isa = XCBuildConfiguration;
			buildSettings = {
				ASSETCATALOG_COMPILER_APPICON_NAME = AppIcon;
				INFOPLIST_FILE = Postcard/Info.plist;
				LD_RUNPATH_SEARCH_PATHS = "$(inherited) @executable_path/Frameworks";
				PRODUCT_NAME = "$(TARGET_NAME)";
			};
			name = Release;
		};
		DC56FE991B044D22007F98BB /* Debug */ = {
			isa = XCBuildConfiguration;
			buildSettings = {
				BUNDLE_LOADER = "$(TEST_HOST)";
				FRAMEWORK_SEARCH_PATHS = (
					"$(SDKROOT)/Developer/Library/Frameworks",
					"$(inherited)",
				);
				GCC_PREPROCESSOR_DEFINITIONS = (
					"DEBUG=1",
					"$(inherited)",
				);
				INFOPLIST_FILE = PostcardTests/Info.plist;
				LD_RUNPATH_SEARCH_PATHS = "$(inherited) @executable_path/Frameworks @loader_path/Frameworks";
				PRODUCT_NAME = "$(TARGET_NAME)";
				TEST_HOST = "$(BUILT_PRODUCTS_DIR)/Postcard.app/Postcard";
			};
			name = Debug;
		};
		DC56FE9A1B044D22007F98BB /* Release */ = {
			isa = XCBuildConfiguration;
			buildSettings = {
				BUNDLE_LOADER = "$(TEST_HOST)";
				FRAMEWORK_SEARCH_PATHS = (
					"$(SDKROOT)/Developer/Library/Frameworks",
					"$(inherited)",
				);
				INFOPLIST_FILE = PostcardTests/Info.plist;
				LD_RUNPATH_SEARCH_PATHS = "$(inherited) @executable_path/Frameworks @loader_path/Frameworks";
				PRODUCT_NAME = "$(TARGET_NAME)";
				TEST_HOST = "$(BUILT_PRODUCTS_DIR)/Postcard.app/Postcard";
			};
			name = Release;
		};
/* End XCBuildConfiguration section */

/* Begin XCConfigurationList section */
		DC56FE711B044D21007F98BB /* Build configuration list for PBXProject "Postcard" */ = {
			isa = XCConfigurationList;
			buildConfigurations = (
				DC56FE931B044D22007F98BB /* Debug */,
				DC56FE941B044D22007F98BB /* Release */,
			);
			defaultConfigurationIsVisible = 0;
			defaultConfigurationName = Release;
		};
		DC56FE951B044D22007F98BB /* Build configuration list for PBXNativeTarget "Postcard" */ = {
			isa = XCConfigurationList;
			buildConfigurations = (
				DC56FE961B044D22007F98BB /* Debug */,
				DC56FE971B044D22007F98BB /* Release */,
			);
			defaultConfigurationIsVisible = 0;
		};
		DC56FE981B044D22007F98BB /* Build configuration list for PBXNativeTarget "PostcardTests" */ = {
			isa = XCConfigurationList;
			buildConfigurations = (
				DC56FE991B044D22007F98BB /* Debug */,
				DC56FE9A1B044D22007F98BB /* Release */,
			);
			defaultConfigurationIsVisible = 0;
		};
/* End XCConfigurationList section */
	};
	rootObject = DC56FE6E1B044D21007F98BB /* Project object */;
}
